
Microsoft Visual Studio Solution File, Format Version 12.00
# Visual Studio Version 16
VisualStudioVersion = 16.0.32602.291
MinimumVisualStudioVersion = 10.0.40219.1
Project("{9A19103F-16F7-4668-BE54-9A1E7A4F7556}") = "AuthorizationMicroservice", "AuthorizationMicroservice\AuthorizationMicroservice.csproj", "{B9C2E6EF-80A0-4949-9F44-50D899C567AD}"
EndProject
Project("{FAE04EC0-301F-11D3-BF4B-00C04F79EFBC}") = "AuthorizationMicroserviceUnitTest", "AuthorizationMicroserviceUnitTest\AuthorizationMicroserviceUnitTest.csproj", "{5594DF5D-B13C-42E8-BBDD-DE6E28AE5A02}"
EndProject
Global
	GlobalSection(SolutionConfigurationPlatforms) = preSolution
		Debug|Any CPU = Debug|Any CPU
		Release|Any CPU = Release|Any CPU
	EndGlobalSection
	GlobalSection(ProjectConfigurationPlatforms) = postSolution
		{B9C2E6EF-80A0-4949-9F44-50D899C567AD}.Debug|Any CPU.ActiveCfg = Debug|Any CPU
		{B9C2E6EF-80A0-4949-9F44-50D899C567AD}.Debug|Any CPU.Build.0 = Debug|Any CPU
		{B9C2E6EF-80A0-4949-9F44-50D899C567AD}.Release|Any CPU.ActiveCfg = Release|Any CPU
		{B9C2E6EF-80A0-4949-9F44-50D899C567AD}.Release|Any CPU.Build.0 = Release|Any CPU
		{5594DF5D-B13C-42E8-BBDD-DE6E28AE5A02}.Debug|Any CPU.ActiveCfg = Debug|Any CPU
		{5594DF5D-B13C-42E8-BBDD-DE6E28AE5A02}.Debug|Any CPU.Build.0 = Debug|Any CPU
		{5594DF5D-B13C-42E8-BBDD-DE6E28AE5A02}.Release|Any CPU.ActiveCfg = Release|Any CPU
		{5594DF5D-B13C-42E8-BBDD-DE6E28AE5A02}.Release|Any CPU.Build.0 = Release|Any CPU
	EndGlobalSection
	GlobalSection(SolutionProperties) = preSolution
		HideSolutionNode = FALSE
	EndGlobalSection
	GlobalSection(ExtensibilityGlobals) = postSolution
		SolutionGuid = {DAEB19BC-B6A9-464C-B184-49E14CFA3180}
	EndGlobalSection
EndGlobal
